// !$*UTF8*$!
{
	archiveVersion = 1;
	classes = {
	};
	objectVersion = 48;
	objects = {

/* Begin PBXBuildFile section */
		B97729583C64057133A3C6F4 /* Pods_AnyFlash.framework in Frameworks */ = {isa = PBXBuildFile; fileRef = 014973335729C7FE09B56546 /* Pods_AnyFlash.framework */; };
		D0D95DAF20429E1A00EFD997 /* AppDelegate.swift in Sources */ = {isa = PBXBuildFile; fileRef = D0D95DAE20429E1A00EFD997 /* AppDelegate.swift */; };
		D0D95DB120429E1A00EFD997 /* ViewController.swift in Sources */ = {isa = PBXBuildFile; fileRef = D0D95DB020429E1A00EFD997 /* ViewController.swift */; };
		D0D95DB420429E1A00EFD997 /* Main.storyboard in Resources */ = {isa = PBXBuildFile; fileRef = D0D95DB220429E1A00EFD997 /* Main.storyboard */; };
		D0D95DB620429E1A00EFD997 /* Assets.xcassets in Resources */ = {isa = PBXBuildFile; fileRef = D0D95DB520429E1A00EFD997 /* Assets.xcassets */; };
		D0D95DB920429E1A00EFD997 /* LaunchScreen.storyboard in Resources */ = {isa = PBXBuildFile; fileRef = D0D95DB720429E1A00EFD997 /* LaunchScreen.storyboard */; };
		F8AA15E320536DFA000FC593 /* GoogleService-Info.plist in Resources */ = {isa = PBXBuildFile; fileRef = F8AA15E220536DFA000FC593 /* GoogleService-Info.plist */; };
/* End PBXBuildFile section */

/* Begin PBXFileReference section */
		014973335729C7FE09B56546 /* Pods_AnyFlash.framework */ = {isa = PBXFileReference; explicitFileType = wrapper.framework; includeInIndex = 0; path = Pods_AnyFlash.framework; sourceTree = BUILT_PRODUCTS_DIR; };
		1DC4EE099110D408D6F9A1F8 /* Pods-AnyFlash.release.xcconfig */ = {isa = PBXFileReference; includeInIndex = 1; lastKnownFileType = text.xcconfig; name = "Pods-AnyFlash.release.xcconfig"; path = "Pods/Target Support Files/Pods-AnyFlash/Pods-AnyFlash.release.xcconfig"; sourceTree = "<group>"; };
		5BFE2C1E1F3D0E6A3D5B68D8 /* Pods-AnyFlash.debug.xcconfig */ = {isa = PBXFileReference; includeInIndex = 1; lastKnownFileType = text.xcconfig; name = "Pods-AnyFlash.debug.xcconfig"; path = "Pods/Target Support Files/Pods-AnyFlash/Pods-AnyFlash.debug.xcconfig"; sourceTree = "<group>"; };
		D0D95DAB20429E1A00EFD997 /* AnyFlash.app */ = {isa = PBXFileReference; explicitFileType = wrapper.application; includeInIndex = 0; path = AnyFlash.app; sourceTree = BUILT_PRODUCTS_DIR; };
		D0D95DAE20429E1A00EFD997 /* AppDelegate.swift */ = {isa = PBXFileReference; lastKnownFileType = sourcecode.swift; path = AppDelegate.swift; sourceTree = "<group>"; };
		D0D95DB020429E1A00EFD997 /* ViewController.swift */ = {isa = PBXFileReference; lastKnownFileType = sourcecode.swift; path = ViewController.swift; sourceTree = "<group>"; };
		D0D95DB320429E1A00EFD997 /* Base */ = {isa = PBXFileReference; lastKnownFileType = file.storyboard; name = Base; path = Base.lproj/Main.storyboard; sourceTree = "<group>"; };
		D0D95DB520429E1A00EFD997 /* Assets.xcassets */ = {isa = PBXFileReference; lastKnownFileType = folder.assetcatalog; path = Assets.xcassets; sourceTree = "<group>"; };
		D0D95DB820429E1A00EFD997 /* Base */ = {isa = PBXFileReference; lastKnownFileType = file.storyboard; name = Base; path = Base.lproj/LaunchScreen.storyboard; sourceTree = "<group>"; };
		D0D95DBA20429E1A00EFD997 /* Info.plist */ = {isa = PBXFileReference; lastKnownFileType = text.plist.xml; path = Info.plist; sourceTree = "<group>"; };
		F8AA15E220536DFA000FC593 /* GoogleService-Info.plist */ = {isa = PBXFileReference; fileEncoding = 4; lastKnownFileType = text.plist.xml; path = "GoogleService-Info.plist"; sourceTree = "<group>"; };
/* End PBXFileReference section */

/* Begin PBXFrameworksBuildPhase section */
		D0D95DA820429E1A00EFD997 /* Frameworks */ = {
			isa = PBXFrameworksBuildPhase;
			buildActionMask = 2147483647;
			files = (
				B97729583C64057133A3C6F4 /* Pods_AnyFlash.framework in Frameworks */,
			);
			runOnlyForDeploymentPostprocessing = 0;
		};
/* End PBXFrameworksBuildPhase section */

/* Begin PBXGroup section */
		6D8EDFEFD20FED861F2A03C0 /* Frameworks */ = {
			isa = PBXGroup;
			children = (
				014973335729C7FE09B56546 /* Pods_AnyFlash.framework */,
			);
			name = Frameworks;
			sourceTree = "<group>";
		};
		86BA1A7A300D6A38A6166BEC /* Pods */ = {
			isa = PBXGroup;
			children = (
				5BFE2C1E1F3D0E6A3D5B68D8 /* Pods-AnyFlash.debug.xcconfig */,
				1DC4EE099110D408D6F9A1F8 /* Pods-AnyFlash.release.xcconfig */,
			);
			name = Pods;
			sourceTree = "<group>";
		};
		D0D95DA220429E1A00EFD997 = {
			isa = PBXGroup;
			children = (
				D0D95DAD20429E1A00EFD997 /* AnyFlash */,
				D0D95DAC20429E1A00EFD997 /* Products */,
				86BA1A7A300D6A38A6166BEC /* Pods */,
				6D8EDFEFD20FED861F2A03C0 /* Frameworks */,
			);
			sourceTree = "<group>";
		};
		D0D95DAC20429E1A00EFD997 /* Products */ = {
			isa = PBXGroup;
			children = (
				D0D95DAB20429E1A00EFD997 /* AnyFlash.app */,
			);
			name = Products;
			sourceTree = "<group>";
		};
		D0D95DAD20429E1A00EFD997 /* AnyFlash */ = {
			isa = PBXGroup;
			children = (
				F8AA15E220536DFA000FC593 /* GoogleService-Info.plist */,
				D0D95DAE20429E1A00EFD997 /* AppDelegate.swift */,
				D0D95DB020429E1A00EFD997 /* ViewController.swift */,
				D0D95DB220429E1A00EFD997 /* Main.storyboard */,
				D0D95DB520429E1A00EFD997 /* Assets.xcassets */,
				D0D95DB720429E1A00EFD997 /* LaunchScreen.storyboard */,
				D0D95DBA20429E1A00EFD997 /* Info.plist */,
			);
			path = AnyFlash;
			sourceTree = "<group>";
		};
/* End PBXGroup section */

/* Begin PBXNativeTarget section */
		D0D95DAA20429E1A00EFD997 /* AnyFlash */ = {
			isa = PBXNativeTarget;
			buildConfigurationList = D0D95DBD20429E1A00EFD997 /* Build configuration list for PBXNativeTarget "AnyFlash" */;
			buildPhases = (
				426B0D55C62282AC1A110CEF /* [CP] Check Pods Manifest.lock */,
				D0D95DA720429E1A00EFD997 /* Sources */,
				D0D95DA820429E1A00EFD997 /* Frameworks */,
				D0D95DA920429E1A00EFD997 /* Resources */,
				3D21928D36732800ED0574E9 /* [CP] Embed Pods Frameworks */,
				3A90A642D9715C8D854C02CB /* [CP] Copy Pods Resources */,
			);
			buildRules = (
			);
			dependencies = (
			);
			name = AnyFlash;
			productName = AnyFlash;
			productReference = D0D95DAB20429E1A00EFD997 /* AnyFlash.app */;
			productType = "com.apple.product-type.application";
		};
/* End PBXNativeTarget section */

/* Begin PBXProject section */
		D0D95DA320429E1A00EFD997 /* Project object */ = {
			isa = PBXProject;
			attributes = {
				LastSwiftUpdateCheck = 0920;
				LastUpgradeCheck = 0920;
				ORGANIZATIONNAME = "Jerry Li";
				TargetAttributes = {
					D0D95DAA20429E1A00EFD997 = {
						CreatedOnToolsVersion = 9.2;
						ProvisioningStyle = Automatic;
					};
				};
			};
			buildConfigurationList = D0D95DA620429E1A00EFD997 /* Build configuration list for PBXProject "AnyFlash" */;
			compatibilityVersion = "Xcode 8.0";
			developmentRegion = en;
			hasScannedForEncodings = 0;
			knownRegions = (
				en,
				Base,
			);
			mainGroup = D0D95DA220429E1A00EFD997;
			productRefGroup = D0D95DAC20429E1A00EFD997 /* Products */;
			projectDirPath = "";
			projectRoot = "";
			targets = (
				D0D95DAA20429E1A00EFD997 /* AnyFlash */,
			);
		};
/* End PBXProject section */

/* Begin PBXResourcesBuildPhase section */
		D0D95DA920429E1A00EFD997 /* Resources */ = {
			isa = PBXResourcesBuildPhase;
			buildActionMask = 2147483647;
			files = (
				D0D95DB920429E1A00EFD997 /* LaunchScreen.storyboard in Resources */,
				F8AA15E320536DFA000FC593 /* GoogleService-Info.plist in Resources */,
				D0D95DB620429E1A00EFD997 /* Assets.xcassets in Resources */,
				D0D95DB420429E1A00EFD997 /* Main.storyboard in Resources */,
			);
			runOnlyForDeploymentPostprocessing = 0;
		};
/* End PBXResourcesBuildPhase section */

/* Begin PBXShellScriptBuildPhase section */
		3A90A642D9715C8D854C02CB /* [CP] Copy Pods Resources */ = {
			isa = PBXShellScriptBuildPhase;
			buildActionMask = 2147483647;
			files = (
			);
			inputPaths = (
			);
			name = "[CP] Copy Pods Resources";
			outputPaths = (
			);
			runOnlyForDeploymentPostprocessing = 0;
			shellPath = /bin/sh;
			shellScript = "\"${SRCROOT}/Pods/Target Support Files/Pods-AnyFlash/Pods-AnyFlash-resources.sh\"\n";
			showEnvVarsInLog = 0;
		};
		3D21928D36732800ED0574E9 /* [CP] Embed Pods Frameworks */ = {
			isa = PBXShellScriptBuildPhase;
			buildActionMask = 2147483647;
			files = (
			);
			inputPaths = (
				"${SRCROOT}/Pods/Target Support Files/Pods-AnyFlash/Pods-AnyFlash-frameworks.sh",
				"${BUILT_PRODUCTS_DIR}/GoogleToolboxForMac/GoogleToolboxForMac.framework",
				"${BUILT_PRODUCTS_DIR}/leveldb-library/leveldb.framework",
				"${BUILT_PRODUCTS_DIR}/nanopb/nanopb.framework",
			);
			name = "[CP] Embed Pods Frameworks";
			outputPaths = (
				"${TARGET_BUILD_DIR}/${FRAMEWORKS_FOLDER_PATH}/GoogleToolboxForMac.framework",
				"${TARGET_BUILD_DIR}/${FRAMEWORKS_FOLDER_PATH}/leveldb.framework",
				"${TARGET_BUILD_DIR}/${FRAMEWORKS_FOLDER_PATH}/nanopb.framework",
			);
			runOnlyForDeploymentPostprocessing = 0;
			shellPath = /bin/sh;
			shellScript = "\"${SRCROOT}/Pods/Target Support Files/Pods-AnyFlash/Pods-AnyFlash-frameworks.sh\"\n";
			showEnvVarsInLog = 0;
		};
		426B0D55C62282AC1A110CEF /* [CP] Check Pods Manifest.lock */ = {
			isa = PBXShellScriptBuildPhase;
			buildActionMask = 2147483647;
			files = (
			);
			inputPaths = (
				"${PODS_PODFILE_DIR_PATH}/Podfile.lock",
				"${PODS_ROOT}/Manifest.lock",
			);
			name = "[CP] Check Pods Manifest.lock";
			outputPaths = (
				"$(DERIVED_FILE_DIR)/Pods-AnyFlash-checkManifestLockResult.txt",
			);
			runOnlyForDeploymentPostprocessing = 0;
			shellPath = /bin/sh;
			shellScript = "diff \"${PODS_PODFILE_DIR_PATH}/Podfile.lock\" \"${PODS_ROOT}/Manifest.lock\" > /dev/null\nif [ $? != 0 ] ; then\n    # print error to STDERR\n    echo \"error: The sandbox is not in sync with the Podfile.lock. Run 'pod install' or update your CocoaPods installation.\" >&2\n    exit 1\nfi\n# This output is used by Xcode 'outputs' to avoid re-running this script phase.\necho \"SUCCESS\" > \"${SCRIPT_OUTPUT_FILE_0}\"\n";
			showEnvVarsInLog = 0;
		};
/* End PBXShellScriptBuildPhase section */

/* Begin PBXSourcesBuildPhase section */
		D0D95DA720429E1A00EFD997 /* Sources */ = {
			isa = PBXSourcesBuildPhase;
			buildActionMask = 2147483647;
			files = (
				D0D95DB120429E1A00EFD997 /* ViewController.swift in Sources */,
				D0D95DAF20429E1A00EFD997 /* AppDelegate.swift in Sources */,
			);
			runOnlyForDeploymentPostprocessing = 0;
		};
/* End PBXSourcesBuildPhase section */

/* Begin PBXVariantGroup section */
		D0D95DB220429E1A00EFD997 /* Main.storyboard */ = {
			isa = PBXVariantGroup;
			children = (
				D0D95DB320429E1A00EFD997 /* Base */,
			);
			name = Main.storyboard;
			sourceTree = "<group>";
		};
		D0D95DB720429E1A00EFD997 /* LaunchScreen.storyboard */ = {
			isa = PBXVariantGroup;
			children = (
				D0D95DB820429E1A00EFD997 /* Base */,
			);
			name = LaunchScreen.storyboard;
			sourceTree = "<group>";
		};
/* End PBXVariantGroup section */

/* Begin XCBuildConfiguration section */
		D0D95DBB20429E1A00EFD997 /* Debug */ = {
			isa = XCBuildConfiguration;
			buildSettings = {
				ALWAYS_SEARCH_USER_PATHS = NO;
				CLANG_ANALYZER_NONNULL = YES;
				CLANG_ANALYZER_NUMBER_OBJECT_CONVERSION = YES_AGGRESSIVE;
				CLANG_CXX_LANGUAGE_STANDARD = "gnu++14";
				CLANG_CXX_LIBRARY = "libc++";
				CLANG_ENABLE_MODULES = YES;
				CLANG_ENABLE_OBJC_ARC = YES;
				CLANG_WARN_BLOCK_CAPTURE_AUTORELEASING = YES;
				CLANG_WARN_BOOL_CONVERSION = YES;
				CLANG_WARN_COMMA = YES;
				CLANG_WARN_CONSTANT_CONVERSION = YES;
				CLANG_WARN_DIRECT_OBJC_ISA_USAGE = YES_ERROR;
				CLANG_WARN_DOCUMENTATION_COMMENTS = YES;
				CLANG_WARN_EMPTY_BODY = YES;
				CLANG_WARN_ENUM_CONVERSION = YES;
				CLANG_WARN_INFINITE_RECURSION = YES;
				CLANG_WARN_INT_CONVERSION = YES;
				CLANG_WARN_NON_LITERAL_NULL_CONVERSION = YES;
				CLANG_WARN_OBJC_LITERAL_CONVERSION = YES;
				CLANG_WARN_OBJC_ROOT_CLASS = YES_ERROR;
				CLANG_WARN_RANGE_LOOP_ANALYSIS = YES;
				CLANG_WARN_STRICT_PROTOTYPES = YES;
				CLANG_WARN_SUSPICIOUS_MOVE = YES;
				CLANG_WARN_UNGUARDED_AVAILABILITY = YES_AGGRESSIVE;
				CLANG_WARN_UNREACHABLE_CODE = YES;
				CLANG_WARN__DUPLICATE_METHOD_MATCH = YES;
				CODE_SIGN_IDENTITY = "iPhone Developer";
				COPY_PHASE_STRIP = NO;
				DEBUG_INFORMATION_FORMAT = dwarf;
				ENABLE_STRICT_OBJC_MSGSEND = YES;
				ENABLE_TESTABILITY = YES;
				GCC_C_LANGUAGE_STANDARD = gnu11;
				GCC_DYNAMIC_NO_PIC = NO;
				GCC_NO_COMMON_BLOCKS = YES;
				GCC_OPTIMIZATION_LEVEL = 0;
				GCC_PREPROCESSOR_DEFINITIONS = (
					"DEBUG=1",
					"$(inherited)",
				);
				GCC_WARN_64_TO_32_BIT_CONVERSION = YES;
				GCC_WARN_ABOUT_RETURN_TYPE = YES_ERROR;
				GCC_WARN_UNDECLARED_SELECTOR = YES;
				GCC_WARN_UNINITIALIZED_AUTOS = YES_AGGRESSIVE;
				GCC_WARN_UNUSED_FUNCTION = YES;
				GCC_WARN_UNUSED_VARIABLE = YES;
				IPHONEOS_DEPLOYMENT_TARGET = 11.2;
				MTL_ENABLE_DEBUG_INFO = YES;
				ONLY_ACTIVE_ARCH = YES;
				SDKROOT = iphoneos;
				SWIFT_ACTIVE_COMPILATION_CONDITIONS = DEBUG;
				SWIFT_OPTIMIZATION_LEVEL = "-Onone";
			};
			name = Debug;
		};
		D0D95DBC20429E1A00EFD997 /* Release */ = {
			isa = XCBuildConfiguration;
			buildSettings = {
				ALWAYS_SEARCH_USER_PATHS = NO;
				CLANG_ANALYZER_NONNULL = YES;
				CLANG_ANALYZER_NUMBER_OBJECT_CONVERSION = YES_AGGRESSIVE;
				CLANG_CXX_LANGUAGE_STANDARD = "gnu++14";
				CLANG_CXX_LIBRARY = "libc++";
				CLANG_ENABLE_MODULES = YES;
				CLANG_ENABLE_OBJC_ARC = YES;
				CLANG_WARN_BLOCK_CAPTURE_AUTORELEASING = YES;
				CLANG_WARN_BOOL_CONVERSION = YES;
				CLANG_WARN_COMMA = YES;
				CLANG_WARN_CONSTANT_CONVERSION = YES;
				CLANG_WARN_DIRECT_OBJC_ISA_USAGE = YES_ERROR;
				CLANG_WARN_DOCUMENTATION_COMMENTS = YES;
				CLANG_WARN_EMPTY_BODY = YES;
				CLANG_WARN_ENUM_CONVERSION = YES;
				CLANG_WARN_INFINITE_RECURSION = YES;
				CLANG_WARN_INT_CONVERSION = YES;
				CLANG_WARN_NON_LITERAL_NULL_CONVERSION = YES;
				CLANG_WARN_OBJC_LITERAL_CONVERSION = YES;
				CLANG_WARN_OBJC_ROOT_CLASS = YES_ERROR;
				CLANG_WARN_RANGE_LOOP_ANALYSIS = YES;
				CLANG_WARN_STRICT_PROTOTYPES = YES;
				CLANG_WARN_SUSPICIOUS_MOVE = YES;
				CLANG_WARN_UNGUARDED_AVAILABILITY = YES_AGGRESSIVE;
				CLANG_WARN_UNREACHABLE_CODE = YES;
				CLANG_WARN__DUPLICATE_METHOD_MATCH = YES;
				CODE_SIGN_IDENTITY = "iPhone Developer";
				COPY_PHASE_STRIP = NO;
				DEBUG_INFORMATION_FORMAT = "dwarf-with-dsym";
				ENABLE_NS_ASSERTIONS = NO;
				ENABLE_STRICT_OBJC_MSGSEND = YES;
				GCC_C_LANGUAGE_STANDARD = gnu11;
				GCC_NO_COMMON_BLOCKS = YES;
				GCC_WARN_64_TO_32_BIT_CONVERSION = YES;
				GCC_WARN_ABOUT_RETURN_TYPE = YES_ERROR;
				GCC_WARN_UNDECLARED_SELECTOR = YES;
				GCC_WARN_UNINITIALIZED_AUTOS = YES_AGGRESSIVE;
				GCC_WARN_UNUSED_FUNCTION = YES;
				GCC_WARN_UNUSED_VARIABLE = YES;
				IPHONEOS_DEPLOYMENT_TARGET = 11.2;
				MTL_ENABLE_DEBUG_INFO = NO;
				SDKROOT = iphoneos;
				SWIFT_OPTIMIZATION_LEVEL = "-Owholemodule";
				VALIDATE_PRODUCT = YES;
			};
			name = Release;
		};
		D0D95DBE20429E1A00EFD997 /* Debug */ = {
			isa = XCBuildConfiguration;
			baseConfigurationReference = 5BFE2C1E1F3D0E6A3D5B68D8 /* Pods-AnyFlash.debug.xcconfig */;
			buildSettings = {
				ASSETCATALOG_COMPILER_APPICON_NAME = AppIcon;
				CODE_SIGN_STYLE = Automatic;
				INFOPLIST_FILE = AnyFlash/Info.plist;
				LD_RUNPATH_SEARCH_PATHS = "$(inherited) @executable_path/Frameworks";
				PRODUCT_BUNDLE_IDENTIFIER = org.github.ruiheonrails.AnyFlash;
				PRODUCT_NAME = "$(TARGET_NAME)";
				SWIFT_VERSION = 4.0;
				TARGETED_DEVICE_FAMILY = "1,2";
			};
			name = Debug;
		};
		D0D95DBF20429E1A00EFD997 /* Release */ = {
			isa = XCBuildConfiguration;
			baseConfigurationReference = 1DC4EE099110D408D6F9A1F8 /* Pods-AnyFlash.release.xcconfig */;
			buildSettings = {
				ASSETCATALOG_COMPILER_APPICON_NAME = AppIcon;
				CODE_SIGN_STYLE = Automatic;
				INFOPLIST_FILE = AnyFlash/Info.plist;
				LD_RUNPATH_SEARCH_PATHS = "$(inherited) @executable_path/Frameworks";
				PRODUCT_BUNDLE_IDENTIFIER = org.github.ruiheonrails.AnyFlash;
				PRODUCT_NAME = "$(TARGET_NAME)";
				SWIFT_VERSION = 4.0;
				TARGETED_DEVICE_FAMILY = "1,2";
			};
			name = Release;
		};
/* End XCBuildConfiguration section */

/* Begin XCConfigurationList section */
		D0D95DA620429E1A00EFD997 /* Build configuration list for PBXProject "AnyFlash" */ = {
			isa = XCConfigurationList;
			buildConfigurations = (
				D0D95DBB20429E1A00EFD997 /* Debug */,
				D0D95DBC20429E1A00EFD997 /* Release */,
			);
			defaultConfigurationIsVisible = 0;
			defaultConfigurationName = Release;
		};
		D0D95DBD20429E1A00EFD997 /* Build configuration list for PBXNativeTarget "AnyFlash" */ = {
			isa = XCConfigurationList;
			buildConfigurations = (
				D0D95DBE20429E1A00EFD997 /* Debug */,
				D0D95DBF20429E1A00EFD997 /* Release */,
			);
			defaultConfigurationIsVisible = 0;
			defaultConfigurationName = Release;
		};
/* End XCConfigurationList section */
	};
	rootObject = D0D95DA320429E1A00EFD997 /* Project object */;
}
